// !$*UTF8*$!
{
	archiveVersion = 1;
	classes = {
	};
	objectVersion = 48;
	objects = {

/* Begin PBXBuildFile section */
		7A2212D6DE9D2EDAA11A6644 /* Pods_PregBuddy_Tweets.framework in Frameworks */ = {isa = PBXBuildFile; fileRef = 41F1FE0D9EC85825D8674091 /* Pods_PregBuddy_Tweets.framework */; };
		EB2DAD9320523BC800C15D07 /* AppDelegate.swift in Sources */ = {isa = PBXBuildFile; fileRef = EB2DAD9220523BC800C15D07 /* AppDelegate.swift */; };
		EB2DAD9820523BC800C15D07 /* Main.storyboard in Resources */ = {isa = PBXBuildFile; fileRef = EB2DAD9620523BC800C15D07 /* Main.storyboard */; };
		EB2DAD9A20523BC800C15D07 /* Assets.xcassets in Resources */ = {isa = PBXBuildFile; fileRef = EB2DAD9920523BC800C15D07 /* Assets.xcassets */; };
		EB2DAD9D20523BC800C15D07 /* LaunchScreen.storyboard in Resources */ = {isa = PBXBuildFile; fileRef = EB2DAD9B20523BC800C15D07 /* LaunchScreen.storyboard */; };
		EB2DADA820523BC800C15D07 /* PregBuddy_TweetsTests.swift in Sources */ = {isa = PBXBuildFile; fileRef = EB2DADA720523BC800C15D07 /* PregBuddy_TweetsTests.swift */; };
		EB2DADB320523BC800C15D07 /* PregBuddy_TweetsUITests.swift in Sources */ = {isa = PBXBuildFile; fileRef = EB2DADB220523BC800C15D07 /* PregBuddy_TweetsUITests.swift */; };
		EB2DADC12052415900C15D07 /* HomeVc.swift in Sources */ = {isa = PBXBuildFile; fileRef = EB2DADC02052415900C15D07 /* HomeVc.swift */; };
		EB2DADC32052416800C15D07 /* BookmarkVc.swift in Sources */ = {isa = PBXBuildFile; fileRef = EB2DADC22052416800C15D07 /* BookmarkVc.swift */; };
		EB2DADC5205245FB00C15D07 /* AppColors.swift in Sources */ = {isa = PBXBuildFile; fileRef = EB2DADC4205245FB00C15D07 /* AppColors.swift */; };
		EB350E2620524CC00076EF6B /* HomeTweetCell.swift in Sources */ = {isa = PBXBuildFile; fileRef = EB350E2520524CC00076EF6B /* HomeTweetCell.swift */; };
		EB350E282052524B0076EF6B /* Twitter.plist in Resources */ = {isa = PBXBuildFile; fileRef = EB350E272052524B0076EF6B /* Twitter.plist */; };
/* End PBXBuildFile section */

/* Begin PBXContainerItemProxy section */
		EB2DADA420523BC800C15D07 /* PBXContainerItemProxy */ = {
			isa = PBXContainerItemProxy;
			containerPortal = EB2DAD8720523BC800C15D07 /* Project object */;
			proxyType = 1;
			remoteGlobalIDString = EB2DAD8E20523BC800C15D07;
			remoteInfo = "PregBuddy Tweets";
		};
		EB2DADAF20523BC800C15D07 /* PBXContainerItemProxy */ = {
			isa = PBXContainerItemProxy;
			containerPortal = EB2DAD8720523BC800C15D07 /* Project object */;
			proxyType = 1;
			remoteGlobalIDString = EB2DAD8E20523BC800C15D07;
			remoteInfo = "PregBuddy Tweets";
		};
/* End PBXContainerItemProxy section */

/* Begin PBXFileReference section */
		41F1FE0D9EC85825D8674091 /* Pods_PregBuddy_Tweets.framework */ = {isa = PBXFileReference; explicitFileType = wrapper.framework; includeInIndex = 0; path = Pods_PregBuddy_Tweets.framework; sourceTree = BUILT_PRODUCTS_DIR; };
		57C0FD35CF9B50466E7EF7F8 /* Pods-PregBuddy Tweets.debug.xcconfig */ = {isa = PBXFileReference; includeInIndex = 1; lastKnownFileType = text.xcconfig; name = "Pods-PregBuddy Tweets.debug.xcconfig"; path = "Pods/Target Support Files/Pods-PregBuddy Tweets/Pods-PregBuddy Tweets.debug.xcconfig"; sourceTree = "<group>"; };
		65B71B8D12114A684CEE58C2 /* Pods-PregBuddy Tweets.release.xcconfig */ = {isa = PBXFileReference; includeInIndex = 1; lastKnownFileType = text.xcconfig; name = "Pods-PregBuddy Tweets.release.xcconfig"; path = "Pods/Target Support Files/Pods-PregBuddy Tweets/Pods-PregBuddy Tweets.release.xcconfig"; sourceTree = "<group>"; };
		EB2DAD8F20523BC800C15D07 /* PregBuddy Tweets.app */ = {isa = PBXFileReference; explicitFileType = wrapper.application; includeInIndex = 0; path = "PregBuddy Tweets.app"; sourceTree = BUILT_PRODUCTS_DIR; };
		EB2DAD9220523BC800C15D07 /* AppDelegate.swift */ = {isa = PBXFileReference; lastKnownFileType = sourcecode.swift; path = AppDelegate.swift; sourceTree = "<group>"; };
		EB2DAD9720523BC800C15D07 /* Base */ = {isa = PBXFileReference; lastKnownFileType = file.storyboard; name = Base; path = Base.lproj/Main.storyboard; sourceTree = "<group>"; };
		EB2DAD9920523BC800C15D07 /* Assets.xcassets */ = {isa = PBXFileReference; lastKnownFileType = folder.assetcatalog; path = Assets.xcassets; sourceTree = "<group>"; };
		EB2DAD9C20523BC800C15D07 /* Base */ = {isa = PBXFileReference; lastKnownFileType = file.storyboard; name = Base; path = Base.lproj/LaunchScreen.storyboard; sourceTree = "<group>"; };
		EB2DAD9E20523BC800C15D07 /* Info.plist */ = {isa = PBXFileReference; lastKnownFileType = text.plist.xml; path = Info.plist; sourceTree = "<group>"; };
		EB2DADA320523BC800C15D07 /* PregBuddy TweetsTests.xctest */ = {isa = PBXFileReference; explicitFileType = wrapper.cfbundle; includeInIndex = 0; path = "PregBuddy TweetsTests.xctest"; sourceTree = BUILT_PRODUCTS_DIR; };
		EB2DADA720523BC800C15D07 /* PregBuddy_TweetsTests.swift */ = {isa = PBXFileReference; lastKnownFileType = sourcecode.swift; path = PregBuddy_TweetsTests.swift; sourceTree = "<group>"; };
		EB2DADA920523BC800C15D07 /* Info.plist */ = {isa = PBXFileReference; lastKnownFileType = text.plist.xml; path = Info.plist; sourceTree = "<group>"; };
		EB2DADAE20523BC800C15D07 /* PregBuddy TweetsUITests.xctest */ = {isa = PBXFileReference; explicitFileType = wrapper.cfbundle; includeInIndex = 0; path = "PregBuddy TweetsUITests.xctest"; sourceTree = BUILT_PRODUCTS_DIR; };
		EB2DADB220523BC800C15D07 /* PregBuddy_TweetsUITests.swift */ = {isa = PBXFileReference; lastKnownFileType = sourcecode.swift; path = PregBuddy_TweetsUITests.swift; sourceTree = "<group>"; };
		EB2DADB420523BC800C15D07 /* Info.plist */ = {isa = PBXFileReference; lastKnownFileType = text.plist.xml; path = Info.plist; sourceTree = "<group>"; };
		EB2DADC02052415900C15D07 /* HomeVc.swift */ = {isa = PBXFileReference; lastKnownFileType = sourcecode.swift; path = HomeVc.swift; sourceTree = "<group>"; };
		EB2DADC22052416800C15D07 /* BookmarkVc.swift */ = {isa = PBXFileReference; lastKnownFileType = sourcecode.swift; path = BookmarkVc.swift; sourceTree = "<group>"; };
		EB2DADC4205245FB00C15D07 /* AppColors.swift */ = {isa = PBXFileReference; lastKnownFileType = sourcecode.swift; path = AppColors.swift; sourceTree = "<group>"; };
		EB350E2520524CC00076EF6B /* HomeTweetCell.swift */ = {isa = PBXFileReference; lastKnownFileType = sourcecode.swift; path = HomeTweetCell.swift; sourceTree = "<group>"; };
		EB350E272052524B0076EF6B /* Twitter.plist */ = {isa = PBXFileReference; fileEncoding = 4; lastKnownFileType = text.plist.xml; path = Twitter.plist; sourceTree = "<group>"; };
/* End PBXFileReference section */

/* Begin PBXFrameworksBuildPhase section */
		EB2DAD8C20523BC800C15D07 /* Frameworks */ = {
			isa = PBXFrameworksBuildPhase;
			buildActionMask = 2147483647;
			files = (
				7A2212D6DE9D2EDAA11A6644 /* Pods_PregBuddy_Tweets.framework in Frameworks */,
			);
			runOnlyForDeploymentPostprocessing = 0;
		};
		EB2DADA020523BC800C15D07 /* Frameworks */ = {
			isa = PBXFrameworksBuildPhase;
			buildActionMask = 2147483647;
			files = (
			);
			runOnlyForDeploymentPostprocessing = 0;
		};
		EB2DADAB20523BC800C15D07 /* Frameworks */ = {
			isa = PBXFrameworksBuildPhase;
			buildActionMask = 2147483647;
			files = (
			);
			runOnlyForDeploymentPostprocessing = 0;
		};
/* End PBXFrameworksBuildPhase section */

/* Begin PBXGroup section */
		7E95454A4FA945C2577997D2 /* Pods */ = {
			isa = PBXGroup;
			children = (
				57C0FD35CF9B50466E7EF7F8 /* Pods-PregBuddy Tweets.debug.xcconfig */,
				65B71B8D12114A684CEE58C2 /* Pods-PregBuddy Tweets.release.xcconfig */,
			);
			name = Pods;
			sourceTree = "<group>";
		};
		EB2DAD8620523BC800C15D07 = {
			isa = PBXGroup;
			children = (
				EB2DAD9120523BC800C15D07 /* PregBuddy Tweets */,
				EB2DADA620523BC800C15D07 /* PregBuddy TweetsTests */,
				EB2DADB120523BC800C15D07 /* PregBuddy TweetsUITests */,
				EB2DAD9020523BC800C15D07 /* Products */,
				7E95454A4FA945C2577997D2 /* Pods */,
				F6A5F3F492D07E9754D66EC1 /* Frameworks */,
			);
			sourceTree = "<group>";
		};
		EB2DAD9020523BC800C15D07 /* Products */ = {
			isa = PBXGroup;
			children = (
				EB2DAD8F20523BC800C15D07 /* PregBuddy Tweets.app */,
				EB2DADA320523BC800C15D07 /* PregBuddy TweetsTests.xctest */,
				EB2DADAE20523BC800C15D07 /* PregBuddy TweetsUITests.xctest */,
			);
			name = Products;
			sourceTree = "<group>";
		};
		EB2DAD9120523BC800C15D07 /* PregBuddy Tweets */ = {
			isa = PBXGroup;
			children = (
				EB2DAD9E20523BC800C15D07 /* Info.plist */,
				EB350E272052524B0076EF6B /* Twitter.plist */,
				EB2DAD9920523BC800C15D07 /* Assets.xcassets */,
				EB2DAD9B20523BC800C15D07 /* LaunchScreen.storyboard */,
				EB2DAD9220523BC800C15D07 /* AppDelegate.swift */,
				EB2DADC6205247BD00C15D07 /* Helper */,
				EB2DADC7205247D100C15D07 /* Controllers */,
				EB350E2420524C8D0076EF6B /* CustomeCells */,
				EB2DADC8205247F000C15D07 /* Stroryboards */,
			);
			path = "PregBuddy Tweets";
			sourceTree = "<group>";
		};
		EB2DADA620523BC800C15D07 /* PregBuddy TweetsTests */ = {
			isa = PBXGroup;
			children = (
				EB2DADA720523BC800C15D07 /* PregBuddy_TweetsTests.swift */,
				EB2DADA920523BC800C15D07 /* Info.plist */,
			);
			path = "PregBuddy TweetsTests";
			sourceTree = "<group>";
		};
		EB2DADB120523BC800C15D07 /* PregBuddy TweetsUITests */ = {
			isa = PBXGroup;
			children = (
				EB2DADB220523BC800C15D07 /* PregBuddy_TweetsUITests.swift */,
				EB2DADB420523BC800C15D07 /* Info.plist */,
			);
			path = "PregBuddy TweetsUITests";
			sourceTree = "<group>";
		};
		EB2DADC6205247BD00C15D07 /* Helper */ = {
			isa = PBXGroup;
			children = (
				EB2DADC4205245FB00C15D07 /* AppColors.swift */,
			);
			path = Helper;
			sourceTree = "<group>";
		};
		EB2DADC7205247D100C15D07 /* Controllers */ = {
			isa = PBXGroup;
			children = (
				EB2DADC02052415900C15D07 /* HomeVc.swift */,
				EB2DADC22052416800C15D07 /* BookmarkVc.swift */,
			);
			path = Controllers;
			sourceTree = "<group>";
		};
		EB2DADC8205247F000C15D07 /* Stroryboards */ = {
			isa = PBXGroup;
			children = (
				EB2DAD9620523BC800C15D07 /* Main.storyboard */,
			);
			path = Stroryboards;
			sourceTree = "<group>";
		};
		EB350E2420524C8D0076EF6B /* CustomeCells */ = {
			isa = PBXGroup;
			children = (
				EB350E2520524CC00076EF6B /* HomeTweetCell.swift */,
			);
			path = CustomeCells;
			sourceTree = "<group>";
		};
		F6A5F3F492D07E9754D66EC1 /* Frameworks */ = {
			isa = PBXGroup;
			children = (
				41F1FE0D9EC85825D8674091 /* Pods_PregBuddy_Tweets.framework */,
			);
			name = Frameworks;
			sourceTree = "<group>";
		};
/* End PBXGroup section */

/* Begin PBXNativeTarget section */
		EB2DAD8E20523BC800C15D07 /* PregBuddy Tweets */ = {
			isa = PBXNativeTarget;
			buildConfigurationList = EB2DADB720523BC800C15D07 /* Build configuration list for PBXNativeTarget "PregBuddy Tweets" */;
			buildPhases = (
				E7B6E55B18BF4707185E6CC9 /* [CP] Check Pods Manifest.lock */,
				EB2DAD8B20523BC800C15D07 /* Sources */,
				EB2DAD8C20523BC800C15D07 /* Frameworks */,
				EB2DAD8D20523BC800C15D07 /* Resources */,
				27099B16C9581BCC5316F3D1 /* [CP] Embed Pods Frameworks */,
				E782311FEAA9D208DD098173 /* [CP] Copy Pods Resources */,
			);
			buildRules = (
			);
			dependencies = (
			);
			name = "PregBuddy Tweets";
			productName = "PregBuddy Tweets";
			productReference = EB2DAD8F20523BC800C15D07 /* PregBuddy Tweets.app */;
			productType = "com.apple.product-type.application";
		};
		EB2DADA220523BC800C15D07 /* PregBuddy TweetsTests */ = {
			isa = PBXNativeTarget;
			buildConfigurationList = EB2DADBA20523BC800C15D07 /* Build configuration list for PBXNativeTarget "PregBuddy TweetsTests" */;
			buildPhases = (
				EB2DAD9F20523BC800C15D07 /* Sources */,
				EB2DADA020523BC800C15D07 /* Frameworks */,
				EB2DADA120523BC800C15D07 /* Resources */,
			);
			buildRules = (
			);
			dependencies = (
				EB2DADA520523BC800C15D07 /* PBXTargetDependency */,
			);
			name = "PregBuddy TweetsTests";
			productName = "PregBuddy TweetsTests";
			productReference = EB2DADA320523BC800C15D07 /* PregBuddy TweetsTests.xctest */;
			productType = "com.apple.product-type.bundle.unit-test";
		};
		EB2DADAD20523BC800C15D07 /* PregBuddy TweetsUITests */ = {
			isa = PBXNativeTarget;
			buildConfigurationList = EB2DADBD20523BC800C15D07 /* Build configuration list for PBXNativeTarget "PregBuddy TweetsUITests" */;
			buildPhases = (
				EB2DADAA20523BC800C15D07 /* Sources */,
				EB2DADAB20523BC800C15D07 /* Frameworks */,
				EB2DADAC20523BC800C15D07 /* Resources */,
			);
			buildRules = (
			);
			dependencies = (
				EB2DADB020523BC800C15D07 /* PBXTargetDependency */,
			);
			name = "PregBuddy TweetsUITests";
			productName = "PregBuddy TweetsUITests";
			productReference = EB2DADAE20523BC800C15D07 /* PregBuddy TweetsUITests.xctest */;
			productType = "com.apple.product-type.bundle.ui-testing";
		};
/* End PBXNativeTarget section */

/* Begin PBXProject section */
		EB2DAD8720523BC800C15D07 /* Project object */ = {
			isa = PBXProject;
			attributes = {
				LastSwiftUpdateCheck = 0920;
				LastUpgradeCheck = 0920;
				ORGANIZATIONNAME = "Rahul Chandnani";
				TargetAttributes = {
					EB2DAD8E20523BC800C15D07 = {
						CreatedOnToolsVersion = 9.2;
						ProvisioningStyle = Automatic;
					};
					EB2DADA220523BC800C15D07 = {
						CreatedOnToolsVersion = 9.2;
						ProvisioningStyle = Automatic;
						TestTargetID = EB2DAD8E20523BC800C15D07;
					};
					EB2DADAD20523BC800C15D07 = {
						CreatedOnToolsVersion = 9.2;
						ProvisioningStyle = Automatic;
						TestTargetID = EB2DAD8E20523BC800C15D07;
					};
				};
			};
			buildConfigurationList = EB2DAD8A20523BC800C15D07 /* Build configuration list for PBXProject "PregBuddy Tweets" */;
			compatibilityVersion = "Xcode 8.0";
			developmentRegion = en;
			hasScannedForEncodings = 0;
			knownRegions = (
				en,
				Base,
			);
			mainGroup = EB2DAD8620523BC800C15D07;
			productRefGroup = EB2DAD9020523BC800C15D07 /* Products */;
			projectDirPath = "";
			projectRoot = "";
			targets = (
				EB2DAD8E20523BC800C15D07 /* PregBuddy Tweets */,
				EB2DADA220523BC800C15D07 /* PregBuddy TweetsTests */,
				EB2DADAD20523BC800C15D07 /* PregBuddy TweetsUITests */,
			);
		};
/* End PBXProject section */

/* Begin PBXResourcesBuildPhase section */
		EB2DAD8D20523BC800C15D07 /* Resources */ = {
			isa = PBXResourcesBuildPhase;
			buildActionMask = 2147483647;
			files = (
				EB2DAD9D20523BC800C15D07 /* LaunchScreen.storyboard in Resources */,
				EB2DAD9A20523BC800C15D07 /* Assets.xcassets in Resources */,
				EB350E282052524B0076EF6B /* Twitter.plist in Resources */,
				EB2DAD9820523BC800C15D07 /* Main.storyboard in Resources */,
			);
			runOnlyForDeploymentPostprocessing = 0;
		};
		EB2DADA120523BC800C15D07 /* Resources */ = {
			isa = PBXResourcesBuildPhase;
			buildActionMask = 2147483647;
			files = (
			);
			runOnlyForDeploymentPostprocessing = 0;
		};
		EB2DADAC20523BC800C15D07 /* Resources */ = {
			isa = PBXResourcesBuildPhase;
			buildActionMask = 2147483647;
			files = (
			);
			runOnlyForDeploymentPostprocessing = 0;
		};
/* End PBXResourcesBuildPhase section */

/* Begin PBXShellScriptBuildPhase section */
		27099B16C9581BCC5316F3D1 /* [CP] Embed Pods Frameworks */ = {
			isa = PBXShellScriptBuildPhase;
			buildActionMask = 2147483647;
			files = (
			);
			inputPaths = (
			);
			name = "[CP] Embed Pods Frameworks";
			outputPaths = (
			);
			runOnlyForDeploymentPostprocessing = 0;
			shellPath = /bin/sh;
			shellScript = "\"${SRCROOT}/Pods/Target Support Files/Pods-PregBuddy Tweets/Pods-PregBuddy Tweets-frameworks.sh\"\n";
			showEnvVarsInLog = 0;
		};
		E782311FEAA9D208DD098173 /* [CP] Copy Pods Resources */ = {
			isa = PBXShellScriptBuildPhase;
			buildActionMask = 2147483647;
			files = (
			);
			inputPaths = (
				"${SRCROOT}/Pods/Target Support Files/Pods-PregBuddy Tweets/Pods-PregBuddy Tweets-resources.sh",
				"${PODS_ROOT}/TwitterKit/iOS/TwitterKit.framework/TwitterKitResources.bundle",
				"${PODS_ROOT}/TwitterKit/iOS/TwitterKit.framework/TwitterShareExtensionUIResources.bundle",
			);
			name = "[CP] Copy Pods Resources";
			outputPaths = (
				"${TARGET_BUILD_DIR}/${UNLOCALIZED_RESOURCES_FOLDER_PATH}/TwitterKitResources.bundle",
				"${TARGET_BUILD_DIR}/${UNLOCALIZED_RESOURCES_FOLDER_PATH}/TwitterShareExtensionUIResources.bundle",
			);
			runOnlyForDeploymentPostprocessing = 0;
			shellPath = /bin/sh;
			shellScript = "\"${SRCROOT}/Pods/Target Support Files/Pods-PregBuddy Tweets/Pods-PregBuddy Tweets-resources.sh\"\n";
			showEnvVarsInLog = 0;
		};
		E7B6E55B18BF4707185E6CC9 /* [CP] Check Pods Manifest.lock */ = {
			isa = PBXShellScriptBuildPhase;
			buildActionMask = 2147483647;
			files = (
			);
			inputPaths = (
				"${PODS_PODFILE_DIR_PATH}/Podfile.lock",
				"${PODS_ROOT}/Manifest.lock",
			);
			name = "[CP] Check Pods Manifest.lock";
			outputPaths = (
				"$(DERIVED_FILE_DIR)/Pods-PregBuddy Tweets-checkManifestLockResult.txt",
			);
			runOnlyForDeploymentPostprocessing = 0;
			shellPath = /bin/sh;
			shellScript = "diff \"${PODS_PODFILE_DIR_PATH}/Podfile.lock\" \"${PODS_ROOT}/Manifest.lock\" > /dev/null\nif [ $? != 0 ] ; then\n    # print error to STDERR\n    echo \"error: The sandbox is not in sync with the Podfile.lock. Run 'pod install' or update your CocoaPods installation.\" >&2\n    exit 1\nfi\n# This output is used by Xcode 'outputs' to avoid re-running this script phase.\necho \"SUCCESS\" > \"${SCRIPT_OUTPUT_FILE_0}\"\n";
			showEnvVarsInLog = 0;
		};
/* End PBXShellScriptBuildPhase section */

/* Begin PBXSourcesBuildPhase section */
		EB2DAD8B20523BC800C15D07 /* Sources */ = {
			isa = PBXSourcesBuildPhase;
			buildActionMask = 2147483647;
			files = (
				EB2DADC12052415900C15D07 /* HomeVc.swift in Sources */,
				EB2DADC32052416800C15D07 /* BookmarkVc.swift in Sources */,
				EB2DADC5205245FB00C15D07 /* AppColors.swift in Sources */,
				EB350E2620524CC00076EF6B /* HomeTweetCell.swift in Sources */,
				EB2DAD9320523BC800C15D07 /* AppDelegate.swift in Sources */,
			);
			runOnlyForDeploymentPostprocessing = 0;
		};
		EB2DAD9F20523BC800C15D07 /* Sources */ = {
			isa = PBXSourcesBuildPhase;
			buildActionMask = 2147483647;
			files = (
				EB2DADA820523BC800C15D07 /* PregBuddy_TweetsTests.swift in Sources */,
			);
			runOnlyForDeploymentPostprocessing = 0;
		};
		EB2DADAA20523BC800C15D07 /* Sources */ = {
			isa = PBXSourcesBuildPhase;
			buildActionMask = 2147483647;
			files = (
				EB2DADB320523BC800C15D07 /* PregBuddy_TweetsUITests.swift in Sources */,
			);
			runOnlyForDeploymentPostprocessing = 0;
		};
/* End PBXSourcesBuildPhase section */

/* Begin PBXTargetDependency section */
		EB2DADA520523BC800C15D07 /* PBXTargetDependency */ = {
			isa = PBXTargetDependency;
			target = EB2DAD8E20523BC800C15D07 /* PregBuddy Tweets */;
			targetProxy = EB2DADA420523BC800C15D07 /* PBXContainerItemProxy */;
		};
		EB2DADB020523BC800C15D07 /* PBXTargetDependency */ = {
			isa = PBXTargetDependency;
			target = EB2DAD8E20523BC800C15D07 /* PregBuddy Tweets */;
			targetProxy = EB2DADAF20523BC800C15D07 /* PBXContainerItemProxy */;
		};
/* End PBXTargetDependency section */

/* Begin PBXVariantGroup section */
		EB2DAD9620523BC800C15D07 /* Main.storyboard */ = {
			isa = PBXVariantGroup;
			children = (
				EB2DAD9720523BC800C15D07 /* Base */,
			);
			name = Main.storyboard;
			sourceTree = "<group>";
		};
		EB2DAD9B20523BC800C15D07 /* LaunchScreen.storyboard */ = {
			isa = PBXVariantGroup;
			children = (
				EB2DAD9C20523BC800C15D07 /* Base */,
			);
			name = LaunchScreen.storyboard;
			sourceTree = "<group>";
		};
/* End PBXVariantGroup section */

/* Begin XCBuildConfiguration section */
		EB2DADB520523BC800C15D07 /* Debug */ = {
			isa = XCBuildConfiguration;
			buildSettings = {
				ALWAYS_SEARCH_USER_PATHS = NO;
				CLANG_ANALYZER_NONNULL = YES;
				CLANG_ANALYZER_NUMBER_OBJECT_CONVERSION = YES_AGGRESSIVE;
				CLANG_CXX_LANGUAGE_STANDARD = "gnu++14";
				CLANG_CXX_LIBRARY = "libc++";
				CLANG_ENABLE_MODULES = YES;
				CLANG_ENABLE_OBJC_ARC = YES;
				CLANG_WARN_BLOCK_CAPTURE_AUTORELEASING = YES;
				CLANG_WARN_BOOL_CONVERSION = YES;
				CLANG_WARN_COMMA = YES;
				CLANG_WARN_CONSTANT_CONVERSION = YES;
				CLANG_WARN_DIRECT_OBJC_ISA_USAGE = YES_ERROR;
				CLANG_WARN_DOCUMENTATION_COMMENTS = YES;
				CLANG_WARN_EMPTY_BODY = YES;
				CLANG_WARN_ENUM_CONVERSION = YES;
				CLANG_WARN_INFINITE_RECURSION = YES;
				CLANG_WARN_INT_CONVERSION = YES;
				CLANG_WARN_NON_LITERAL_NULL_CONVERSION = YES;
				CLANG_WARN_OBJC_LITERAL_CONVERSION = YES;
				CLANG_WARN_OBJC_ROOT_CLASS = YES_ERROR;
				CLANG_WARN_RANGE_LOOP_ANALYSIS = YES;
				CLANG_WARN_STRICT_PROTOTYPES = YES;
				CLANG_WARN_SUSPICIOUS_MOVE = YES;
				CLANG_WARN_UNGUARDED_AVAILABILITY = YES_AGGRESSIVE;
				CLANG_WARN_UNREACHABLE_CODE = YES;
				CLANG_WARN__DUPLICATE_METHOD_MATCH = YES;
				CODE_SIGN_IDENTITY = "iPhone Developer";
				COPY_PHASE_STRIP = NO;
				DEBUG_INFORMATION_FORMAT = dwarf;
				ENABLE_STRICT_OBJC_MSGSEND = YES;
				ENABLE_TESTABILITY = YES;
				GCC_C_LANGUAGE_STANDARD = gnu11;
				GCC_DYNAMIC_NO_PIC = NO;
				GCC_NO_COMMON_BLOCKS = YES;
				GCC_OPTIMIZATION_LEVEL = 0;
				GCC_PREPROCESSOR_DEFINITIONS = (
					"DEBUG=1",
					"$(inherited)",
				);
				GCC_WARN_64_TO_32_BIT_CONVERSION = YES;
				GCC_WARN_ABOUT_RETURN_TYPE = YES_ERROR;
				GCC_WARN_UNDECLARED_SELECTOR = YES;
				GCC_WARN_UNINITIALIZED_AUTOS = YES_AGGRESSIVE;
				GCC_WARN_UNUSED_FUNCTION = YES;
				GCC_WARN_UNUSED_VARIABLE = YES;
				IPHONEOS_DEPLOYMENT_TARGET = 11.2;
				MTL_ENABLE_DEBUG_INFO = YES;
				ONLY_ACTIVE_ARCH = YES;
				SDKROOT = iphoneos;
				SWIFT_ACTIVE_COMPILATION_CONDITIONS = DEBUG;
				SWIFT_OPTIMIZATION_LEVEL = "-Onone";
			};
			name = Debug;
		};
		EB2DADB620523BC800C15D07 /* Release */ = {
			isa = XCBuildConfiguration;
			buildSettings = {
				ALWAYS_SEARCH_USER_PATHS = NO;
				CLANG_ANALYZER_NONNULL = YES;
				CLANG_ANALYZER_NUMBER_OBJECT_CONVERSION = YES_AGGRESSIVE;
				CLANG_CXX_LANGUAGE_STANDARD = "gnu++14";
				CLANG_CXX_LIBRARY = "libc++";
				CLANG_ENABLE_MODULES = YES;
				CLANG_ENABLE_OBJC_ARC = YES;
				CLANG_WARN_BLOCK_CAPTURE_AUTORELEASING = YES;
				CLANG_WARN_BOOL_CONVERSION = YES;
				CLANG_WARN_COMMA = YES;
				CLANG_WARN_CONSTANT_CONVERSION = YES;
				CLANG_WARN_DIRECT_OBJC_ISA_USAGE = YES_ERROR;
				CLANG_WARN_DOCUMENTATION_COMMENTS = YES;
				CLANG_WARN_EMPTY_BODY = YES;
				CLANG_WARN_ENUM_CONVERSION = YES;
				CLANG_WARN_INFINITE_RECURSION = YES;
				CLANG_WARN_INT_CONVERSION = YES;
				CLANG_WARN_NON_LITERAL_NULL_CONVERSION = YES;
				CLANG_WARN_OBJC_LITERAL_CONVERSION = YES;
				CLANG_WARN_OBJC_ROOT_CLASS = YES_ERROR;
				CLANG_WARN_RANGE_LOOP_ANALYSIS = YES;
				CLANG_WARN_STRICT_PROTOTYPES = YES;
				CLANG_WARN_SUSPICIOUS_MOVE = YES;
				CLANG_WARN_UNGUARDED_AVAILABILITY = YES_AGGRESSIVE;
				CLANG_WARN_UNREACHABLE_CODE = YES;
				CLANG_WARN__DUPLICATE_METHOD_MATCH = YES;
				CODE_SIGN_IDENTITY = "iPhone Developer";
				COPY_PHASE_STRIP = NO;
				DEBUG_INFORMATION_FORMAT = "dwarf-with-dsym";
				ENABLE_NS_ASSERTIONS = NO;
				ENABLE_STRICT_OBJC_MSGSEND = YES;
				GCC_C_LANGUAGE_STANDARD = gnu11;
				GCC_NO_COMMON_BLOCKS = YES;
				GCC_WARN_64_TO_32_BIT_CONVERSION = YES;
				GCC_WARN_ABOUT_RETURN_TYPE = YES_ERROR;
				GCC_WARN_UNDECLARED_SELECTOR = YES;
				GCC_WARN_UNINITIALIZED_AUTOS = YES_AGGRESSIVE;
				GCC_WARN_UNUSED_FUNCTION = YES;
				GCC_WARN_UNUSED_VARIABLE = YES;
				IPHONEOS_DEPLOYMENT_TARGET = 11.2;
				MTL_ENABLE_DEBUG_INFO = NO;
				SDKROOT = iphoneos;
				SWIFT_OPTIMIZATION_LEVEL = "-Owholemodule";
				VALIDATE_PRODUCT = YES;
			};
			name = Release;
		};
		EB2DADB820523BC800C15D07 /* Debug */ = {
			isa = XCBuildConfiguration;
			baseConfigurationReference = 57C0FD35CF9B50466E7EF7F8 /* Pods-PregBuddy Tweets.debug.xcconfig */;
			buildSettings = {
				ASSETCATALOG_COMPILER_APPICON_NAME = AppIcon;
				CODE_SIGN_STYLE = Automatic;
				DEVELOPMENT_TEAM = 536JDUMES6;
				INFOPLIST_FILE = "PregBuddy Tweets/Info.plist";
				LD_RUNPATH_SEARCH_PATHS = "$(inherited) @executable_path/Frameworks";
				PRODUCT_BUNDLE_IDENTIFIER = "com.rc.PregBuddy-Tweets";
				PRODUCT_NAME = "$(TARGET_NAME)";
				SWIFT_VERSION = 4.0;
				TARGETED_DEVICE_FAMILY = "1,2";
			};
			name = Debug;
		};
		EB2DADB920523BC800C15D07 /* Release */ = {
			isa = XCBuildConfiguration;
			baseConfigurationReference = 65B71B8D12114A684CEE58C2 /* Pods-PregBuddy Tweets.release.xcconfig */;
			buildSettings = {
				ASSETCATALOG_COMPILER_APPICON_NAME = AppIcon;
				CODE_SIGN_STYLE = Automatic;
				DEVELOPMENT_TEAM = 536JDUMES6;
				INFOPLIST_FILE = "PregBuddy Tweets/Info.plist";
				LD_RUNPATH_SEARCH_PATHS = "$(inherited) @executable_path/Frameworks";
				PRODUCT_BUNDLE_IDENTIFIER = "com.rc.PregBuddy-Tweets";
				PRODUCT_NAME = "$(TARGET_NAME)";
				SWIFT_VERSION = 4.0;
				TARGETED_DEVICE_FAMILY = "1,2";
			};
			name = Release;
		};
		EB2DADBB20523BC800C15D07 /* Debug */ = {
			isa = XCBuildConfiguration;
			buildSettings = {
				ALWAYS_EMBED_SWIFT_STANDARD_LIBRARIES = YES;
				BUNDLE_LOADER = "$(TEST_HOST)";
				CODE_SIGN_STYLE = Automatic;
				DEVELOPMENT_TEAM = 536JDUMES6;
				INFOPLIST_FILE = "PregBuddy TweetsTests/Info.plist";
				LD_RUNPATH_SEARCH_PATHS = "$(inherited) @executable_path/Frameworks @loader_path/Frameworks";
				PRODUCT_BUNDLE_IDENTIFIER = "com.rc.PregBuddy-TweetsTests";
				PRODUCT_NAME = "$(TARGET_NAME)";
				SWIFT_VERSION = 4.0;
				TARGETED_DEVICE_FAMILY = "1,2";
				TEST_HOST = "$(BUILT_PRODUCTS_DIR)/PregBuddy Tweets.app/PregBuddy Tweets";
			};
			name = Debug;
		};
		EB2DADBC20523BC800C15D07 /* Release */ = {
			isa = XCBuildConfiguration;
			buildSettings = {
				ALWAYS_EMBED_SWIFT_STANDARD_LIBRARIES = YES;
				BUNDLE_LOADER = "$(TEST_HOST)";
				CODE_SIGN_STYLE = Automatic;
				DEVELOPMENT_TEAM = 536JDUMES6;
				INFOPLIST_FILE = "PregBuddy TweetsTests/Info.plist";
				LD_RUNPATH_SEARCH_PATHS = "$(inherited) @executable_path/Frameworks @loader_path/Frameworks";
				PRODUCT_BUNDLE_IDENTIFIER = "com.rc.PregBuddy-TweetsTests";
				PRODUCT_NAME = "$(TARGET_NAME)";
				SWIFT_VERSION = 4.0;
				TARGETED_DEVICE_FAMILY = "1,2";
				TEST_HOST = "$(BUILT_PRODUCTS_DIR)/PregBuddy Tweets.app/PregBuddy Tweets";
			};
			name = Release;
		};
		EB2DADBE20523BC800C15D07 /* Debug */ = {
			isa = XCBuildConfiguration;
			buildSettings = {
				ALWAYS_EMBED_SWIFT_STANDARD_LIBRARIES = YES;
				CODE_SIGN_STYLE = Automatic;
				DEVELOPMENT_TEAM = 536JDUMES6;
				INFOPLIST_FILE = "PregBuddy TweetsUITests/Info.plist";
				LD_RUNPATH_SEARCH_PATHS = "$(inherited) @executable_path/Frameworks @loader_path/Frameworks";
				PRODUCT_BUNDLE_IDENTIFIER = "com.rc.PregBuddy-TweetsUITests";
				PRODUCT_NAME = "$(TARGET_NAME)";
				SWIFT_VERSION = 4.0;
				TARGETED_DEVICE_FAMILY = "1,2";
				TEST_TARGET_NAME = "PregBuddy Tweets";
			};
			name = Debug;
		};
		EB2DADBF20523BC800C15D07 /* Release */ = {
			isa = XCBuildConfiguration;
			buildSettings = {
				ALWAYS_EMBED_SWIFT_STANDARD_LIBRARIES = YES;
				CODE_SIGN_STYLE = Automatic;
				DEVELOPMENT_TEAM = 536JDUMES6;
				INFOPLIST_FILE = "PregBuddy TweetsUITests/Info.plist";
				LD_RUNPATH_SEARCH_PATHS = "$(inherited) @executable_path/Frameworks @loader_path/Frameworks";
				PRODUCT_BUNDLE_IDENTIFIER = "com.rc.PregBuddy-TweetsUITests";
				PRODUCT_NAME = "$(TARGET_NAME)";
				SWIFT_VERSION = 4.0;
				TARGETED_DEVICE_FAMILY = "1,2";
				TEST_TARGET_NAME = "PregBuddy Tweets";
			};
			name = Release;
		};
/* End XCBuildConfiguration section */

/* Begin XCConfigurationList section */
		EB2DAD8A20523BC800C15D07 /* Build configuration list for PBXProject "PregBuddy Tweets" */ = {
			isa = XCConfigurationList;
			buildConfigurations = (
				EB2DADB520523BC800C15D07 /* Debug */,
				EB2DADB620523BC800C15D07 /* Release */,
			);
			defaultConfigurationIsVisible = 0;
			defaultConfigurationName = Release;
		};
		EB2DADB720523BC800C15D07 /* Build configuration list for PBXNativeTarget "PregBuddy Tweets" */ = {
			isa = XCConfigurationList;
			buildConfigurations = (
				EB2DADB820523BC800C15D07 /* Debug */,
				EB2DADB920523BC800C15D07 /* Release */,
			);
			defaultConfigurationIsVisible = 0;
			defaultConfigurationName = Release;
		};
		EB2DADBA20523BC800C15D07 /* Build configuration list for PBXNativeTarget "PregBuddy TweetsTests" */ = {
			isa = XCConfigurationList;
			buildConfigurations = (
				EB2DADBB20523BC800C15D07 /* Debug */,
				EB2DADBC20523BC800C15D07 /* Release */,
			);
			defaultConfigurationIsVisible = 0;
			defaultConfigurationName = Release;
		};
		EB2DADBD20523BC800C15D07 /* Build configuration list for PBXNativeTarget "PregBuddy TweetsUITests" */ = {
			isa = XCConfigurationList;
			buildConfigurations = (
				EB2DADBE20523BC800C15D07 /* Debug */,
				EB2DADBF20523BC800C15D07 /* Release */,
			);
			defaultConfigurationIsVisible = 0;
			defaultConfigurationName = Release;
		};
/* End XCConfigurationList section */
	};
	rootObject = EB2DAD8720523BC800C15D07 /* Project object */;
}
